github.com/BigNutJaa/generateName v0.0.2 h1:SG06OmvgT3WYxiICLU0F4Tyg2tpiK8fy9WOUPhhGfoo=
github.com/BigNutJaa/generateName v0.0.2/go.mod h1:2J/60+35QAskxANHfAy7AO8QlG4AKJMGY3jZcvIHnXc=
github.com/BigNutJaa/generateName v0.0.3 h1:zEiz5+5SqGLICK+e3B4yFam5zua4Up6aIk1eB3ZSmho=
github.com/BigNutJaa/generateName v0.0.3/go.mod h1:2J/60+35QAskxANHfAy7AO8QlG4AKJMGY3jZcvIHnXc=
github.com/BigNutJaa/generateTest v0.0.5 h1:fI4j9mOtKaiG7Bnas4nrm4zq2K9Lqg2mbuy5dfL6xL4=
github.com/BigNutJaa/generateTest v0.0.5/go.mod h1:cAiOR4u13nGLrbvGMCTXbRKwM0l6yjsGphzUNL6upZg=
